
Microsoft Visual Studio Solution File, Format Version 12.00
# Visual Studio Version 16
VisualStudioVersion = 16.0.31402.337
MinimumVisualStudioVersion = 10.0.40219.1
Project("{8BC9CEB8-8B4A-11D0-8D11-00A0C91BC942}") = "BREADProject", "BREADProject\BREADProject.vcxproj", "{88E9B1E4-94CA-41CA-BD0A-7DF6185F7323}"
	ProjectSection(ProjectDependencies) = postProject
		{C88B274D-55A2-4FBB-99F2-82D4AA2B1E56} = {C88B274D-55A2-4FBB-99F2-82D4AA2B1E56}
		{CC2CBC5C-789A-4BA2-B3CD-79A1624BF7DB} = {CC2CBC5C-789A-4BA2-B3CD-79A1624BF7DB}
		{A4712A62-47FC-400B-A230-8F2B06419948} = {A4712A62-47FC-400B-A230-8F2B06419948}
		{26AE0583-4D76-4489-B146-48122D759289} = {26AE0583-4D76-4489-B146-48122D759289}
		{5F15B892-051D-4275-B126-F5B56BFA7279} = {5F15B892-051D-4275-B126-F5B56BFA7279}
		{E0B52AE7-E160-4D32-BF3F-910B785E5A8E} = {E0B52AE7-E160-4D32-BF3F-910B785E5A8E}
		{D8475EE9-7833-44FA-9AF7-88379F8080E6} = {D8475EE9-7833-44FA-9AF7-88379F8080E6}
		{AB11C9F6-EB25-4F6B-9B5E-B01BFD3ADBD6} = {AB11C9F6-EB25-4F6B-9B5E-B01BFD3ADBD6}
	EndProjectSection
EndProject
Project("{2150E333-8FDC-42A3-9474-1A3956D46DE8}") = "ExternalLibrary", "ExternalLibrary", "{4008B2B7-7351-4381-8B4E-0801871C43C1}"
EndProject
Project("{2150E333-8FDC-42A3-9474-1A3956D46DE8}") = "BREADLibrary", "BREADLibrary", "{CA43F354-0863-4092-AA10-8CF4089D5D94}"
EndProject
Project("{8BC9CEB8-8B4A-11D0-8D11-00A0C91BC942}") = "BreadLib_FND", "Library\BREADLibrary\Build\BreadLib_FND\BreadLib_FND.vcxproj", "{5F15B892-051D-4275-B126-F5B56BFA7279}"
EndProject
Project("{8BC9CEB8-8B4A-11D0-8D11-00A0C91BC942}") = "BreadLib_Math", "Library\BREADLibrary\Build\BreadLib_Math\BreadLib_Math.vcxproj", "{AB11C9F6-EB25-4F6B-9B5E-B01BFD3ADBD6}"
EndProject
Project("{8BC9CEB8-8B4A-11D0-8D11-00A0C91BC942}") = "BreadLib_HLSL", "Library\BREADLibrary\Build\BreadLib_HLSL\BreadLib_HLSL.vcxproj", "{53D68095-A1E2-4489-AF60-620414A2144E}"
EndProject
Project("{8BC9CEB8-8B4A-11D0-8D11-00A0C91BC942}") = "BreadLib_Loader", "Library\BREADLibrary\Build\BreadLib_Loader\BreadLib_Loader.vcxproj", "{C88B274D-55A2-4FBB-99F2-82D4AA2B1E56}"
EndProject
Project("{8BC9CEB8-8B4A-11D0-8D11-00A0C91BC942}") = "BreadLib_Graphics", "Library\BREADLibrary\Build\BreadLib_Graphics\BreadLib_Graphics.vcxproj", "{A4712A62-47FC-400B-A230-8F2B06419948}"
	ProjectSection(ProjectDependencies) = postProject
		{C88B274D-55A2-4FBB-99F2-82D4AA2B1E56} = {C88B274D-55A2-4FBB-99F2-82D4AA2B1E56}
	EndProjectSection
EndProject
Project("{8BC9CEB8-8B4A-11D0-8D11-00A0C91BC942}") = "BreadLib_OS", "Library\BREADLibrary\Build\BreadLib_OS\BreadLib_OS.vcxproj", "{CC2CBC5C-789A-4BA2-B3CD-79A1624BF7DB}"
	ProjectSection(ProjectDependencies) = postProject
		{E0B52AE7-E160-4D32-BF3F-910B785E5A8E} = {E0B52AE7-E160-4D32-BF3F-910B785E5A8E}
	EndProjectSection
EndProject
Project("{8BC9CEB8-8B4A-11D0-8D11-00A0C91BC942}") = "BreadLib_FrameWork", "Library\BREADLibrary\Build\BreadLib_FrameWork\BreadLib_FrameWork.vcxproj", "{26AE0583-4D76-4489-B146-48122D759289}"
EndProject
Project("{8BC9CEB8-8B4A-11D0-8D11-00A0C91BC942}") = "ImGui", "Library\ExternalLibrary\ImGui\Build\ImGui.vcxproj", "{D8475EE9-7833-44FA-9AF7-88379F8080E6}"
EndProject
Project("{8BC9CEB8-8B4A-11D0-8D11-00A0C91BC942}") = "RuntimeObjectSystem", "Library\ExternalLibrary\RuntimeCompiledCPlusPlus\Aurora\RuntimeObjectSystem\RuntimeObjectSystem.vcxproj", "{FA4E24F1-885C-406B-89A8-436F28D090B2}"
EndProject
Project("{8BC9CEB8-8B4A-11D0-8D11-00A0C91BC942}") = "RuntimeCompiler_VS2010", "Library\ExternalLibrary\RuntimeCompiledCPlusPlus\Aurora\RuntimeCompiler\RuntimeCompiler_VS2010.vcxproj", "{790D95ED-C6E6-24E5-345B-37FB1E098082}"
EndProject
Project("{8BC9CEB8-8B4A-11D0-8D11-00A0C91BC942}") = "DirectXTK_Desktop_2015", "Library\ExternalLibrary\DirectXTK-master\DirectXTK_Desktop_2015.vcxproj", "{E0B52AE7-E160-4D32-BF3F-910B785E5A8E}"
EndProject
Project("{2150E333-8FDC-42A3-9474-1A3956D46DE8}") = "ImGuizmo", "ImGuizmo", "{AB4A858A-840A-4128-8DF6-351DCB93ACF8}"
	ProjectSection(SolutionItems) = preProject
		Library\ExternalLibrary\ImGuizmo\ImCurveEdit.cpp = Library\ExternalLibrary\ImGuizmo\ImCurveEdit.cpp
		Library\ExternalLibrary\ImGuizmo\ImCurveEdit.h = Library\ExternalLibrary\ImGuizmo\ImCurveEdit.h
		Library\ExternalLibrary\ImGuizmo\ImGradient.cpp = Library\ExternalLibrary\ImGuizmo\ImGradient.cpp
		Library\ExternalLibrary\ImGuizmo\ImGradient.h = Library\ExternalLibrary\ImGuizmo\ImGradient.h
		Library\ExternalLibrary\ImGuizmo\ImGuizmo.cpp = Library\ExternalLibrary\ImGuizmo\ImGuizmo.cpp
		Library\ExternalLibrary\ImGuizmo\ImGuizmo.h = Library\ExternalLibrary\ImGuizmo\ImGuizmo.h
		Library\ExternalLibrary\ImGuizmo\ImSequencer.cpp = Library\ExternalLibrary\ImGuizmo\ImSequencer.cpp
		Library\ExternalLibrary\ImGuizmo\ImSequencer.h = Library\ExternalLibrary\ImGuizmo\ImSequencer.h
	EndProjectSection
EndProject
Global
	GlobalSection(SolutionConfigurationPlatforms) = preSolution
		Debug|ARM = Debug|ARM
		Debug|ARM64 = Debug|ARM64
		Debug|x64 = Debug|x64
		Debug|x86 = Debug|x86
		Profile|ARM = Profile|ARM
		Profile|ARM64 = Profile|ARM64
		Profile|x64 = Profile|x64
		Profile|x86 = Profile|x86
		Release|ARM = Release|ARM
		Release|ARM64 = Release|ARM64
		Release|x64 = Release|x64
		Release|x86 = Release|x86
	EndGlobalSection
	GlobalSection(ProjectConfigurationPlatforms) = postSolution
		{88E9B1E4-94CA-41CA-BD0A-7DF6185F7323}.Debug|ARM.ActiveCfg = Debug|Win32
		{88E9B1E4-94CA-41CA-BD0A-7DF6185F7323}.Debug|ARM.Build.0 = Debug|Win32
		{88E9B1E4-94CA-41CA-BD0A-7DF6185F7323}.Debug|ARM64.ActiveCfg = Debug|Win32
		{88E9B1E4-94CA-41CA-BD0A-7DF6185F7323}.Debug|ARM64.Build.0 = Debug|Win32
		{88E9B1E4-94CA-41CA-BD0A-7DF6185F7323}.Debug|x64.ActiveCfg = Debug|x64
		{88E9B1E4-94CA-41CA-BD0A-7DF6185F7323}.Debug|x64.Build.0 = Debug|x64
		{88E9B1E4-94CA-41CA-BD0A-7DF6185F7323}.Debug|x86.ActiveCfg = Debug|Win32
		{88E9B1E4-94CA-41CA-BD0A-7DF6185F7323}.Debug|x86.Build.0 = Debug|Win32
		{88E9B1E4-94CA-41CA-BD0A-7DF6185F7323}.Profile|ARM.ActiveCfg = Release|Win32
		{88E9B1E4-94CA-41CA-BD0A-7DF6185F7323}.Profile|ARM.Build.0 = Release|Win32
		{88E9B1E4-94CA-41CA-BD0A-7DF6185F7323}.Profile|ARM64.ActiveCfg = Release|Win32
		{88E9B1E4-94CA-41CA-BD0A-7DF6185F7323}.Profile|ARM64.Build.0 = Release|Win32
		{88E9B1E4-94CA-41CA-BD0A-7DF6185F7323}.Profile|x64.ActiveCfg = Release|x64
		{88E9B1E4-94CA-41CA-BD0A-7DF6185F7323}.Profile|x64.Build.0 = Release|x64
		{88E9B1E4-94CA-41CA-BD0A-7DF6185F7323}.Profile|x86.ActiveCfg = Release|Win32
		{88E9B1E4-94CA-41CA-BD0A-7DF6185F7323}.Profile|x86.Build.0 = Release|Win32
		{88E9B1E4-94CA-41CA-BD0A-7DF6185F7323}.Release|ARM.ActiveCfg = Release|Win32
		{88E9B1E4-94CA-41CA-BD0A-7DF6185F7323}.Release|ARM.Build.0 = Release|Win32
		{88E9B1E4-94CA-41CA-BD0A-7DF6185F7323}.Release|ARM64.ActiveCfg = Release|Win32
		{88E9B1E4-94CA-41CA-BD0A-7DF6185F7323}.Release|ARM64.Build.0 = Release|Win32
		{88E9B1E4-94CA-41CA-BD0A-7DF6185F7323}.Release|x64.ActiveCfg = Release|x64
		{88E9B1E4-94CA-41CA-BD0A-7DF6185F7323}.Release|x64.Build.0 = Release|x64
		{88E9B1E4-94CA-41CA-BD0A-7DF6185F7323}.Release|x86.ActiveCfg = Release|Win32
		{88E9B1E4-94CA-41CA-BD0A-7DF6185F7323}.Release|x86.Build.0 = Release|Win32
		{5F15B892-051D-4275-B126-F5B56BFA7279}.Debug|ARM.ActiveCfg = Debug|Win32
		{5F15B892-051D-4275-B126-F5B56BFA7279}.Debug|ARM.Build.0 = Debug|Win32
		{5F15B892-051D-4275-B126-F5B56BFA7279}.Debug|ARM64.ActiveCfg = Debug|Win32
		{5F15B892-051D-4275-B126-F5B56BFA7279}.Debug|ARM64.Build.0 = Debug|Win32
		{5F15B892-051D-4275-B126-F5B56BFA7279}.Debug|x64.ActiveCfg = Debug|x64
		{5F15B892-051D-4275-B126-F5B56BFA7279}.Debug|x64.Build.0 = Debug|x64
		{5F15B892-051D-4275-B126-F5B56BFA7279}.Debug|x86.ActiveCfg = Debug|Win32
		{5F15B892-051D-4275-B126-F5B56BFA7279}.Debug|x86.Build.0 = Debug|Win32
		{5F15B892-051D-4275-B126-F5B56BFA7279}.Profile|ARM.ActiveCfg = Debug|Win32
		{5F15B892-051D-4275-B126-F5B56BFA7279}.Profile|ARM.Build.0 = Debug|Win32
		{5F15B892-051D-4275-B126-F5B56BFA7279}.Profile|ARM64.ActiveCfg = Debug|Win32
		{5F15B892-051D-4275-B126-F5B56BFA7279}.Profile|ARM64.Build.0 = Debug|Win32
		{5F15B892-051D-4275-B126-F5B56BFA7279}.Profile|x64.ActiveCfg = Debug|x64
		{5F15B892-051D-4275-B126-F5B56BFA7279}.Profile|x64.Build.0 = Debug|x64
		{5F15B892-051D-4275-B126-F5B56BFA7279}.Profile|x86.ActiveCfg = Debug|Win32
		{5F15B892-051D-4275-B126-F5B56BFA7279}.Profile|x86.Build.0 = Debug|Win32
		{5F15B892-051D-4275-B126-F5B56BFA7279}.Release|ARM.ActiveCfg = Release|Win32
		{5F15B892-051D-4275-B126-F5B56BFA7279}.Release|ARM.Build.0 = Release|Win32
		{5F15B892-051D-4275-B126-F5B56BFA7279}.Release|ARM64.ActiveCfg = Release|Win32
		{5F15B892-051D-4275-B126-F5B56BFA7279}.Release|ARM64.Build.0 = Release|Win32
		{5F15B892-051D-4275-B126-F5B56BFA7279}.Release|x64.ActiveCfg = Release|x64
		{5F15B892-051D-4275-B126-F5B56BFA7279}.Release|x64.Build.0 = Release|x64
		{5F15B892-051D-4275-B126-F5B56BFA7279}.Release|x86.ActiveCfg = Release|Win32
		{5F15B892-051D-4275-B126-F5B56BFA7279}.Release|x86.Build.0 = Release|Win32
		{AB11C9F6-EB25-4F6B-9B5E-B01BFD3ADBD6}.Debug|ARM.ActiveCfg = Debug|Win32
		{AB11C9F6-EB25-4F6B-9B5E-B01BFD3ADBD6}.Debug|ARM.Build.0 = Debug|Win32
		{AB11C9F6-EB25-4F6B-9B5E-B01BFD3ADBD6}.Debug|ARM64.ActiveCfg = Debug|Win32
		{AB11C9F6-EB25-4F6B-9B5E-B01BFD3ADBD6}.Debug|ARM64.Build.0 = Debug|Win32
		{AB11C9F6-EB25-4F6B-9B5E-B01BFD3ADBD6}.Debug|x64.ActiveCfg = Debug|x64
		{AB11C9F6-EB25-4F6B-9B5E-B01BFD3ADBD6}.Debug|x64.Build.0 = Debug|x64
		{AB11C9F6-EB25-4F6B-9B5E-B01BFD3ADBD6}.Debug|x86.ActiveCfg = Debug|Win32
		{AB11C9F6-EB25-4F6B-9B5E-B01BFD3ADBD6}.Debug|x86.Build.0 = Debug|Win32
		{AB11C9F6-EB25-4F6B-9B5E-B01BFD3ADBD6}.Profile|ARM.ActiveCfg = Debug|Win32
		{AB11C9F6-EB25-4F6B-9B5E-B01BFD3ADBD6}.Profile|ARM.Build.0 = Debug|Win32
		{AB11C9F6-EB25-4F6B-9B5E-B01BFD3ADBD6}.Profile|ARM64.ActiveCfg = Debug|Win32
		{AB11C9F6-EB25-4F6B-9B5E-B01BFD3ADBD6}.Profile|ARM64.Build.0 = Debug|Win32
		{AB11C9F6-EB25-4F6B-9B5E-B01BFD3ADBD6}.Profile|x64.ActiveCfg = Debug|x64
		{AB11C9F6-EB25-4F6B-9B5E-B01BFD3ADBD6}.Profile|x64.Build.0 = Debug|x64
		{AB11C9F6-EB25-4F6B-9B5E-B01BFD3ADBD6}.Profile|x86.ActiveCfg = Debug|Win32
		{AB11C9F6-EB25-4F6B-9B5E-B01BFD3ADBD6}.Profile|x86.Build.0 = Debug|Win32
		{AB11C9F6-EB25-4F6B-9B5E-B01BFD3ADBD6}.Release|ARM.ActiveCfg = Release|Win32
		{AB11C9F6-EB25-4F6B-9B5E-B01BFD3ADBD6}.Release|ARM.Build.0 = Release|Win32
		{AB11C9F6-EB25-4F6B-9B5E-B01BFD3ADBD6}.Release|ARM64.ActiveCfg = Release|Win32
		{AB11C9F6-EB25-4F6B-9B5E-B01BFD3ADBD6}.Release|ARM64.Build.0 = Release|Win32
		{AB11C9F6-EB25-4F6B-9B5E-B01BFD3ADBD6}.Release|x64.ActiveCfg = Release|x64
		{AB11C9F6-EB25-4F6B-9B5E-B01BFD3ADBD6}.Release|x64.Build.0 = Release|x64
		{AB11C9F6-EB25-4F6B-9B5E-B01BFD3ADBD6}.Release|x86.ActiveCfg = Release|Win32
		{AB11C9F6-EB25-4F6B-9B5E-B01BFD3ADBD6}.Release|x86.Build.0 = Release|Win32
		{53D68095-A1E2-4489-AF60-620414A2144E}.Debug|ARM.ActiveCfg = Debug|Win32
		{53D68095-A1E2-4489-AF60-620414A2144E}.Debug|ARM.Build.0 = Debug|Win32
		{53D68095-A1E2-4489-AF60-620414A2144E}.Debug|ARM64.ActiveCfg = Debug|Win32
		{53D68095-A1E2-4489-AF60-620414A2144E}.Debug|ARM64.Build.0 = Debug|Win32
		{53D68095-A1E2-4489-AF60-620414A2144E}.Debug|x64.ActiveCfg = Debug|x64
		{53D68095-A1E2-4489-AF60-620414A2144E}.Debug|x64.Build.0 = Debug|x64
		{53D68095-A1E2-4489-AF60-620414A2144E}.Debug|x86.ActiveCfg = Debug|Win32
		{53D68095-A1E2-4489-AF60-620414A2144E}.Debug|x86.Build.0 = Debug|Win32
		{53D68095-A1E2-4489-AF60-620414A2144E}.Profile|ARM.ActiveCfg = Debug|Win32
		{53D68095-A1E2-4489-AF60-620414A2144E}.Profile|ARM.Build.0 = Debug|Win32
		{53D68095-A1E2-4489-AF60-620414A2144E}.Profile|ARM64.ActiveCfg = Debug|Win32
		{53D68095-A1E2-4489-AF60-620414A2144E}.Profile|ARM64.Build.0 = Debug|Win32
		{53D68095-A1E2-4489-AF60-620414A2144E}.Profile|x64.ActiveCfg = Debug|x64
		{53D68095-A1E2-4489-AF60-620414A2144E}.Profile|x64.Build.0 = Debug|x64
		{53D68095-A1E2-4489-AF60-620414A2144E}.Profile|x86.ActiveCfg = Debug|Win32
		{53D68095-A1E2-4489-AF60-620414A2144E}.Profile|x86.Build.0 = Debug|Win32
		{53D68095-A1E2-4489-AF60-620414A2144E}.Release|ARM.ActiveCfg = Release|Win32
		{53D68095-A1E2-4489-AF60-620414A2144E}.Release|ARM.Build.0 = Release|Win32
		{53D68095-A1E2-4489-AF60-620414A2144E}.Release|ARM64.ActiveCfg = Release|Win32
		{53D68095-A1E2-4489-AF60-620414A2144E}.Release|ARM64.Build.0 = Release|Win32
		{53D68095-A1E2-4489-AF60-620414A2144E}.Release|x64.ActiveCfg = Release|x64
		{53D68095-A1E2-4489-AF60-620414A2144E}.Release|x64.Build.0 = Release|x64
		{53D68095-A1E2-4489-AF60-620414A2144E}.Release|x86.ActiveCfg = Release|Win32
		{53D68095-A1E2-4489-AF60-620414A2144E}.Release|x86.Build.0 = Release|Win32
		{C88B274D-55A2-4FBB-99F2-82D4AA2B1E56}.Debug|ARM.ActiveCfg = Debug|Win32
		{C88B274D-55A2-4FBB-99F2-82D4AA2B1E56}.Debug|ARM.Build.0 = Debug|Win32
		{C88B274D-55A2-4FBB-99F2-82D4AA2B1E56}.Debug|ARM64.ActiveCfg = Debug|Win32
		{C88B274D-55A2-4FBB-99F2-82D4AA2B1E56}.Debug|ARM64.Build.0 = Debug|Win32
		{C88B274D-55A2-4FBB-99F2-82D4AA2B1E56}.Debug|x64.ActiveCfg = Debug|x64
		{C88B274D-55A2-4FBB-99F2-82D4AA2B1E56}.Debug|x64.Build.0 = Debug|x64
		{C88B274D-55A2-4FBB-99F2-82D4AA2B1E56}.Debug|x86.ActiveCfg = Debug|Win32
		{C88B274D-55A2-4FBB-99F2-82D4AA2B1E56}.Debug|x86.Build.0 = Debug|Win32
		{C88B274D-55A2-4FBB-99F2-82D4AA2B1E56}.Profile|ARM.ActiveCfg = Debug|Win32
		{C88B274D-55A2-4FBB-99F2-82D4AA2B1E56}.Profile|ARM.Build.0 = Debug|Win32
		{C88B274D-55A2-4FBB-99F2-82D4AA2B1E56}.Profile|ARM64.ActiveCfg = Debug|Win32
		{C88B274D-55A2-4FBB-99F2-82D4AA2B1E56}.Profile|ARM64.Build.0 = Debug|Win32
		{C88B274D-55A2-4FBB-99F2-82D4AA2B1E56}.Profile|x64.ActiveCfg = Debug|x64
		{C88B274D-55A2-4FBB-99F2-82D4AA2B1E56}.Profile|x64.Build.0 = Debug|x64
		{C88B274D-55A2-4FBB-99F2-82D4AA2B1E56}.Profile|x86.ActiveCfg = Debug|Win32
		{C88B274D-55A2-4FBB-99F2-82D4AA2B1E56}.Profile|x86.Build.0 = Debug|Win32
		{C88B274D-55A2-4FBB-99F2-82D4AA2B1E56}.Release|ARM.ActiveCfg = Release|Win32
		{C88B274D-55A2-4FBB-99F2-82D4AA2B1E56}.Release|ARM.Build.0 = Release|Win32
		{C88B274D-55A2-4FBB-99F2-82D4AA2B1E56}.Release|ARM64.ActiveCfg = Release|Win32
		{C88B274D-55A2-4FBB-99F2-82D4AA2B1E56}.Release|ARM64.Build.0 = Release|Win32
		{C88B274D-55A2-4FBB-99F2-82D4AA2B1E56}.Release|x64.ActiveCfg = Release|x64
		{C88B274D-55A2-4FBB-99F2-82D4AA2B1E56}.Release|x64.Build.0 = Release|x64
		{C88B274D-55A2-4FBB-99F2-82D4AA2B1E56}.Release|x86.ActiveCfg = Release|Win32
		{C88B274D-55A2-4FBB-99F2-82D4AA2B1E56}.Release|x86.Build.0 = Release|Win32
		{A4712A62-47FC-400B-A230-8F2B06419948}.Debug|ARM.ActiveCfg = Debug|Win32
		{A4712A62-47FC-400B-A230-8F2B06419948}.Debug|ARM.Build.0 = Debug|Win32
		{A4712A62-47FC-400B-A230-8F2B06419948}.Debug|ARM64.ActiveCfg = Debug|Win32
		{A4712A62-47FC-400B-A230-8F2B06419948}.Debug|ARM64.Build.0 = Debug|Win32
		{A4712A62-47FC-400B-A230-8F2B06419948}.Debug|x64.ActiveCfg = Debug|x64
		{A4712A62-47FC-400B-A230-8F2B06419948}.Debug|x64.Build.0 = Debug|x64
		{A4712A62-47FC-400B-A230-8F2B06419948}.Debug|x86.ActiveCfg = Debug|Win32
		{A4712A62-47FC-400B-A230-8F2B06419948}.Debug|x86.Build.0 = Debug|Win32
		{A4712A62-47FC-400B-A230-8F2B06419948}.Profile|ARM.ActiveCfg = Debug|Win32
		{A4712A62-47FC-400B-A230-8F2B06419948}.Profile|ARM.Build.0 = Debug|Win32
		{A4712A62-47FC-400B-A230-8F2B06419948}.Profile|ARM64.ActiveCfg = Debug|Win32
		{A4712A62-47FC-400B-A230-8F2B06419948}.Profile|ARM64.Build.0 = Debug|Win32
		{A4712A62-47FC-400B-A230-8F2B06419948}.Profile|x64.ActiveCfg = Debug|x64
		{A4712A62-47FC-400B-A230-8F2B06419948}.Profile|x64.Build.0 = Debug|x64
		{A4712A62-47FC-400B-A230-8F2B06419948}.Profile|x86.ActiveCfg = Debug|Win32
		{A4712A62-47FC-400B-A230-8F2B06419948}.Profile|x86.Build.0 = Debug|Win32
		{A4712A62-47FC-400B-A230-8F2B06419948}.Release|ARM.ActiveCfg = Release|Win32
		{A4712A62-47FC-400B-A230-8F2B06419948}.Release|ARM.Build.0 = Release|Win32
		{A4712A62-47FC-400B-A230-8F2B06419948}.Release|ARM64.ActiveCfg = Release|Win32
		{A4712A62-47FC-400B-A230-8F2B06419948}.Release|ARM64.Build.0 = Release|Win32
		{A4712A62-47FC-400B-A230-8F2B06419948}.Release|x64.ActiveCfg = Release|x64
		{A4712A62-47FC-400B-A230-8F2B06419948}.Release|x64.Build.0 = Release|x64
		{A4712A62-47FC-400B-A230-8F2B06419948}.Release|x86.ActiveCfg = Release|Win32
		{A4712A62-47FC-400B-A230-8F2B06419948}.Release|x86.Build.0 = Release|Win32
		{CC2CBC5C-789A-4BA2-B3CD-79A1624BF7DB}.Debug|ARM.ActiveCfg = Debug|Win32
		{CC2CBC5C-789A-4BA2-B3CD-79A1624BF7DB}.Debug|ARM.Build.0 = Debug|Win32
		{CC2CBC5C-789A-4BA2-B3CD-79A1624BF7DB}.Debug|ARM64.ActiveCfg = Debug|Win32
		{CC2CBC5C-789A-4BA2-B3CD-79A1624BF7DB}.Debug|ARM64.Build.0 = Debug|Win32
		{CC2CBC5C-789A-4BA2-B3CD-79A1624BF7DB}.Debug|x64.ActiveCfg = Debug|x64
		{CC2CBC5C-789A-4BA2-B3CD-79A1624BF7DB}.Debug|x64.Build.0 = Debug|x64
		{CC2CBC5C-789A-4BA2-B3CD-79A1624BF7DB}.Debug|x86.ActiveCfg = Debug|Win32
		{CC2CBC5C-789A-4BA2-B3CD-79A1624BF7DB}.Debug|x86.Build.0 = Debug|Win32
		{CC2CBC5C-789A-4BA2-B3CD-79A1624BF7DB}.Profile|ARM.ActiveCfg = Debug|Win32
		{CC2CBC5C-789A-4BA2-B3CD-79A1624BF7DB}.Profile|ARM.Build.0 = Debug|Win32
		{CC2CBC5C-789A-4BA2-B3CD-79A1624BF7DB}.Profile|ARM64.ActiveCfg = Debug|Win32
		{CC2CBC5C-789A-4BA2-B3CD-79A1624BF7DB}.Profile|ARM64.Build.0 = Debug|Win32
		{CC2CBC5C-789A-4BA2-B3CD-79A1624BF7DB}.Profile|x64.ActiveCfg = Debug|x64
		{CC2CBC5C-789A-4BA2-B3CD-79A1624BF7DB}.Profile|x64.Build.0 = Debug|x64
		{CC2CBC5C-789A-4BA2-B3CD-79A1624BF7DB}.Profile|x86.ActiveCfg = Debug|Win32
		{CC2CBC5C-789A-4BA2-B3CD-79A1624BF7DB}.Profile|x86.Build.0 = Debug|Win32
		{CC2CBC5C-789A-4BA2-B3CD-79A1624BF7DB}.Release|ARM.ActiveCfg = Release|Win32
		{CC2CBC5C-789A-4BA2-B3CD-79A1624BF7DB}.Release|ARM.Build.0 = Release|Win32
		{CC2CBC5C-789A-4BA2-B3CD-79A1624BF7DB}.Release|ARM64.ActiveCfg = Release|Win32
		{CC2CBC5C-789A-4BA2-B3CD-79A1624BF7DB}.Release|ARM64.Build.0 = Release|Win32
		{CC2CBC5C-789A-4BA2-B3CD-79A1624BF7DB}.Release|x64.ActiveCfg = Release|x64
		{CC2CBC5C-789A-4BA2-B3CD-79A1624BF7DB}.Release|x64.Build.0 = Release|x64
		{CC2CBC5C-789A-4BA2-B3CD-79A1624BF7DB}.Release|x86.ActiveCfg = Release|Win32
		{CC2CBC5C-789A-4BA2-B3CD-79A1624BF7DB}.Release|x86.Build.0 = Release|Win32
		{26AE0583-4D76-4489-B146-48122D759289}.Debug|ARM.ActiveCfg = Debug|Win32
		{26AE0583-4D76-4489-B146-48122D759289}.Debug|ARM.Build.0 = Debug|Win32
		{26AE0583-4D76-4489-B146-48122D759289}.Debug|ARM64.ActiveCfg = Debug|Win32
		{26AE0583-4D76-4489-B146-48122D759289}.Debug|ARM64.Build.0 = Debug|Win32
		{26AE0583-4D76-4489-B146-48122D759289}.Debug|x64.ActiveCfg = Debug|x64
		{26AE0583-4D76-4489-B146-48122D759289}.Debug|x64.Build.0 = Debug|x64
		{26AE0583-4D76-4489-B146-48122D759289}.Debug|x86.ActiveCfg = Debug|Win32
		{26AE0583-4D76-4489-B146-48122D759289}.Debug|x86.Build.0 = Debug|Win32
		{26AE0583-4D76-4489-B146-48122D759289}.Profile|ARM.ActiveCfg = Debug|Win32
		{26AE0583-4D76-4489-B146-48122D759289}.Profile|ARM.Build.0 = Debug|Win32
		{26AE0583-4D76-4489-B146-48122D759289}.Profile|ARM64.ActiveCfg = Debug|Win32
		{26AE0583-4D76-4489-B146-48122D759289}.Profile|ARM64.Build.0 = Debug|Win32
		{26AE0583-4D76-4489-B146-48122D759289}.Profile|x64.ActiveCfg = Debug|x64
		{26AE0583-4D76-4489-B146-48122D759289}.Profile|x64.Build.0 = Debug|x64
		{26AE0583-4D76-4489-B146-48122D759289}.Profile|x86.ActiveCfg = Debug|Win32
		{26AE0583-4D76-4489-B146-48122D759289}.Profile|x86.Build.0 = Debug|Win32
		{26AE0583-4D76-4489-B146-48122D759289}.Release|ARM.ActiveCfg = Release|Win32
		{26AE0583-4D76-4489-B146-48122D759289}.Release|ARM.Build.0 = Release|Win32
		{26AE0583-4D76-4489-B146-48122D759289}.Release|ARM64.ActiveCfg = Release|Win32
		{26AE0583-4D76-4489-B146-48122D759289}.Release|ARM64.Build.0 = Release|Win32
		{26AE0583-4D76-4489-B146-48122D759289}.Release|x64.ActiveCfg = Release|x64
		{26AE0583-4D76-4489-B146-48122D759289}.Release|x64.Build.0 = Release|x64
		{26AE0583-4D76-4489-B146-48122D759289}.Release|x86.ActiveCfg = Release|Win32
		{26AE0583-4D76-4489-B146-48122D759289}.Release|x86.Build.0 = Release|Win32
		{D8475EE9-7833-44FA-9AF7-88379F8080E6}.Debug|ARM.ActiveCfg = Debug|Win32
		{D8475EE9-7833-44FA-9AF7-88379F8080E6}.Debug|ARM.Build.0 = Debug|Win32
		{D8475EE9-7833-44FA-9AF7-88379F8080E6}.Debug|ARM64.ActiveCfg = Debug|Win32
		{D8475EE9-7833-44FA-9AF7-88379F8080E6}.Debug|ARM64.Build.0 = Debug|Win32
		{D8475EE9-7833-44FA-9AF7-88379F8080E6}.Debug|x64.ActiveCfg = Debug|x64
		{D8475EE9-7833-44FA-9AF7-88379F8080E6}.Debug|x64.Build.0 = Debug|x64
		{D8475EE9-7833-44FA-9AF7-88379F8080E6}.Debug|x86.ActiveCfg = Debug|Win32
		{D8475EE9-7833-44FA-9AF7-88379F8080E6}.Debug|x86.Build.0 = Debug|Win32
		{D8475EE9-7833-44FA-9AF7-88379F8080E6}.Profile|ARM.ActiveCfg = Debug|Win32
		{D8475EE9-7833-44FA-9AF7-88379F8080E6}.Profile|ARM.Build.0 = Debug|Win32
		{D8475EE9-7833-44FA-9AF7-88379F8080E6}.Profile|ARM64.ActiveCfg = Debug|Win32
		{D8475EE9-7833-44FA-9AF7-88379F8080E6}.Profile|ARM64.Build.0 = Debug|Win32
		{D8475EE9-7833-44FA-9AF7-88379F8080E6}.Profile|x64.ActiveCfg = Debug|x64
		{D8475EE9-7833-44FA-9AF7-88379F8080E6}.Profile|x64.Build.0 = Debug|x64
		{D8475EE9-7833-44FA-9AF7-88379F8080E6}.Profile|x86.ActiveCfg = Debug|Win32
		{D8475EE9-7833-44FA-9AF7-88379F8080E6}.Profile|x86.Build.0 = Debug|Win32
		{D8475EE9-7833-44FA-9AF7-88379F8080E6}.Release|ARM.ActiveCfg = Release|Win32
		{D8475EE9-7833-44FA-9AF7-88379F8080E6}.Release|ARM.Build.0 = Release|Win32
		{D8475EE9-7833-44FA-9AF7-88379F8080E6}.Release|ARM64.ActiveCfg = Release|Win32
		{D8475EE9-7833-44FA-9AF7-88379F8080E6}.Release|ARM64.Build.0 = Release|Win32
		{D8475EE9-7833-44FA-9AF7-88379F8080E6}.Release|x64.ActiveCfg = Release|x64
		{D8475EE9-7833-44FA-9AF7-88379F8080E6}.Release|x64.Build.0 = Release|x64
		{D8475EE9-7833-44FA-9AF7-88379F8080E6}.Release|x86.ActiveCfg = Release|Win32
		{D8475EE9-7833-44FA-9AF7-88379F8080E6}.Release|x86.Build.0 = Release|Win32
		{FA4E24F1-885C-406B-89A8-436F28D090B2}.Debug|ARM.ActiveCfg = Debug|Win32
		{FA4E24F1-885C-406B-89A8-436F28D090B2}.Debug|ARM64.ActiveCfg = Debug|Win32
		{FA4E24F1-885C-406B-89A8-436F28D090B2}.Debug|x64.ActiveCfg = Debug|x64
		{FA4E24F1-885C-406B-89A8-436F28D090B2}.Debug|x64.Build.0 = Debug|x64
		{FA4E24F1-885C-406B-89A8-436F28D090B2}.Debug|x86.ActiveCfg = Debug|Win32
		{FA4E24F1-885C-406B-89A8-436F28D090B2}.Debug|x86.Build.0 = Debug|Win32
		{FA4E24F1-885C-406B-89A8-436F28D090B2}.Profile|ARM.ActiveCfg = Debug|Win32
		{FA4E24F1-885C-406B-89A8-436F28D090B2}.Profile|ARM.Build.0 = Debug|Win32
		{FA4E24F1-885C-406B-89A8-436F28D090B2}.Profile|ARM64.ActiveCfg = Debug|Win32
		{FA4E24F1-885C-406B-89A8-436F28D090B2}.Profile|ARM64.Build.0 = Debug|Win32
		{FA4E24F1-885C-406B-89A8-436F28D090B2}.Profile|x64.ActiveCfg = Debug|x64
		{FA4E24F1-885C-406B-89A8-436F28D090B2}.Profile|x64.Build.0 = Debug|x64
		{FA4E24F1-885C-406B-89A8-436F28D090B2}.Profile|x86.ActiveCfg = Debug|Win32
		{FA4E24F1-885C-406B-89A8-436F28D090B2}.Profile|x86.Build.0 = Debug|Win32
		{FA4E24F1-885C-406B-89A8-436F28D090B2}.Release|ARM.ActiveCfg = Release|Win32
		{FA4E24F1-885C-406B-89A8-436F28D090B2}.Release|ARM64.ActiveCfg = Release|Win32
		{FA4E24F1-885C-406B-89A8-436F28D090B2}.Release|x64.ActiveCfg = Release|x64
		{FA4E24F1-885C-406B-89A8-436F28D090B2}.Release|x64.Build.0 = Release|x64
		{FA4E24F1-885C-406B-89A8-436F28D090B2}.Release|x86.ActiveCfg = Release|Win32
		{FA4E24F1-885C-406B-89A8-436F28D090B2}.Release|x86.Build.0 = Release|Win32
		{790D95ED-C6E6-24E5-345B-37FB1E098082}.Debug|ARM.ActiveCfg = Debug|Win32
		{790D95ED-C6E6-24E5-345B-37FB1E098082}.Debug|ARM64.ActiveCfg = Debug|Win32
		{790D95ED-C6E6-24E5-345B-37FB1E098082}.Debug|x64.ActiveCfg = Debug|x64
		{790D95ED-C6E6-24E5-345B-37FB1E098082}.Debug|x64.Build.0 = Debug|x64
		{790D95ED-C6E6-24E5-345B-37FB1E098082}.Debug|x86.ActiveCfg = Debug|Win32
		{790D95ED-C6E6-24E5-345B-37FB1E098082}.Debug|x86.Build.0 = Debug|Win32
		{790D95ED-C6E6-24E5-345B-37FB1E098082}.Profile|ARM.ActiveCfg = Debug|Win32
		{790D95ED-C6E6-24E5-345B-37FB1E098082}.Profile|ARM.Build.0 = Debug|Win32
		{790D95ED-C6E6-24E5-345B-37FB1E098082}.Profile|ARM64.ActiveCfg = Debug|Win32
		{790D95ED-C6E6-24E5-345B-37FB1E098082}.Profile|ARM64.Build.0 = Debug|Win32
		{790D95ED-C6E6-24E5-345B-37FB1E098082}.Profile|x64.ActiveCfg = Debug|x64
		{790D95ED-C6E6-24E5-345B-37FB1E098082}.Profile|x64.Build.0 = Debug|x64
		{790D95ED-C6E6-24E5-345B-37FB1E098082}.Profile|x86.ActiveCfg = Debug|Win32
		{790D95ED-C6E6-24E5-345B-37FB1E098082}.Profile|x86.Build.0 = Debug|Win32
		{790D95ED-C6E6-24E5-345B-37FB1E098082}.Release|ARM.ActiveCfg = Release|Win32
		{790D95ED-C6E6-24E5-345B-37FB1E098082}.Release|ARM64.ActiveCfg = Release|Win32
		{790D95ED-C6E6-24E5-345B-37FB1E098082}.Release|x64.ActiveCfg = Release|x64
		{790D95ED-C6E6-24E5-345B-37FB1E098082}.Release|x64.Build.0 = Release|x64
		{790D95ED-C6E6-24E5-345B-37FB1E098082}.Release|x86.ActiveCfg = Release|Win32
		{790D95ED-C6E6-24E5-345B-37FB1E098082}.Release|x86.Build.0 = Release|Win32
		{E0B52AE7-E160-4D32-BF3F-910B785E5A8E}.Debug|ARM.ActiveCfg = Debug|Win32
		{E0B52AE7-E160-4D32-BF3F-910B785E5A8E}.Debug|ARM64.ActiveCfg = Debug|Win32
		{E0B52AE7-E160-4D32-BF3F-910B785E5A8E}.Debug|x64.ActiveCfg = Debug|x64
		{E0B52AE7-E160-4D32-BF3F-910B785E5A8E}.Debug|x64.Build.0 = Debug|x64
		{E0B52AE7-E160-4D32-BF3F-910B785E5A8E}.Debug|x86.ActiveCfg = Debug|Win32
		{E0B52AE7-E160-4D32-BF3F-910B785E5A8E}.Debug|x86.Build.0 = Debug|Win32
		{E0B52AE7-E160-4D32-BF3F-910B785E5A8E}.Profile|ARM.ActiveCfg = Debug|Win32
		{E0B52AE7-E160-4D32-BF3F-910B785E5A8E}.Profile|ARM.Build.0 = Debug|Win32
		{E0B52AE7-E160-4D32-BF3F-910B785E5A8E}.Profile|ARM64.ActiveCfg = Debug|Win32
		{E0B52AE7-E160-4D32-BF3F-910B785E5A8E}.Profile|ARM64.Build.0 = Debug|Win32
		{E0B52AE7-E160-4D32-BF3F-910B785E5A8E}.Profile|x64.ActiveCfg = Debug|x64
		{E0B52AE7-E160-4D32-BF3F-910B785E5A8E}.Profile|x64.Build.0 = Debug|x64
		{E0B52AE7-E160-4D32-BF3F-910B785E5A8E}.Profile|x86.ActiveCfg = Debug|Win32
		{E0B52AE7-E160-4D32-BF3F-910B785E5A8E}.Profile|x86.Build.0 = Debug|Win32
		{E0B52AE7-E160-4D32-BF3F-910B785E5A8E}.Release|ARM.ActiveCfg = Release|Win32
		{E0B52AE7-E160-4D32-BF3F-910B785E5A8E}.Release|ARM64.ActiveCfg = Release|Win32
		{E0B52AE7-E160-4D32-BF3F-910B785E5A8E}.Release|x64.ActiveCfg = Release|x64
		{E0B52AE7-E160-4D32-BF3F-910B785E5A8E}.Release|x64.Build.0 = Release|x64
		{E0B52AE7-E160-4D32-BF3F-910B785E5A8E}.Release|x86.ActiveCfg = Release|Win32
		{E0B52AE7-E160-4D32-BF3F-910B785E5A8E}.Release|x86.Build.0 = Release|Win32
	EndGlobalSection
	GlobalSection(SolutionProperties) = preSolution
		HideSolutionNode = FALSE
	EndGlobalSection
	GlobalSection(NestedProjects) = preSolution
		{5F15B892-051D-4275-B126-F5B56BFA7279} = {CA43F354-0863-4092-AA10-8CF4089D5D94}
		{AB11C9F6-EB25-4F6B-9B5E-B01BFD3ADBD6} = {CA43F354-0863-4092-AA10-8CF4089D5D94}
		{53D68095-A1E2-4489-AF60-620414A2144E} = {CA43F354-0863-4092-AA10-8CF4089D5D94}
		{C88B274D-55A2-4FBB-99F2-82D4AA2B1E56} = {CA43F354-0863-4092-AA10-8CF4089D5D94}
		{A4712A62-47FC-400B-A230-8F2B06419948} = {CA43F354-0863-4092-AA10-8CF4089D5D94}
		{CC2CBC5C-789A-4BA2-B3CD-79A1624BF7DB} = {CA43F354-0863-4092-AA10-8CF4089D5D94}
		{26AE0583-4D76-4489-B146-48122D759289} = {CA43F354-0863-4092-AA10-8CF4089D5D94}
		{D8475EE9-7833-44FA-9AF7-88379F8080E6} = {4008B2B7-7351-4381-8B4E-0801871C43C1}
		{FA4E24F1-885C-406B-89A8-436F28D090B2} = {4008B2B7-7351-4381-8B4E-0801871C43C1}
		{790D95ED-C6E6-24E5-345B-37FB1E098082} = {4008B2B7-7351-4381-8B4E-0801871C43C1}
		{E0B52AE7-E160-4D32-BF3F-910B785E5A8E} = {4008B2B7-7351-4381-8B4E-0801871C43C1}
		{AB4A858A-840A-4128-8DF6-351DCB93ACF8} = {4008B2B7-7351-4381-8B4E-0801871C43C1}
	EndGlobalSection
	GlobalSection(ExtensibilityGlobals) = postSolution
		SolutionGuid = {9363A67C-699B-4ECE-A2CB-D54773D591CF}
	EndGlobalSection
EndGlobal
